# Resolved worker runtime. Update deliberately after dependency and container scans.
attrs==26.1.0
boto3==1.43.50
botocore==1.43.50
certifi==2026.6.17
cffi==2.1.0
charset-normalizer==3.4.9
cryptography==49.0.0
et_xmlfile==2.0.0
flatbuffers==25.12.19
idna==3.18
ImageIO==2.37.4
jmespath==1.1.0
jsonschema==4.26.0
jsonschema-specifications==2025.9.1
lazy-loader==0.5
llvmlite==0.48.0
msal==1.37.0
networkx==3.6.1
numba==0.66.0
numpy==2.4.6
onnxruntime==1.26.0
openpyxl==3.1.5
packaging==26.2
pillow==12.3.0
platformdirs==4.11.0
pooch==1.9.0
protobuf==7.35.1
psycopg==3.3.4
psycopg-binary==3.3.4
pycparser==3.0
PyJWT==2.13.0
PyMatting==1.1.15
pymupdf==1.28.0
python-dateutil==2.9.0.post0
pyxlsb==1.0.10
referencing==0.37.0
rembg==2.0.75
requests==2.34.2
rpds-py==2026.6.3
s3transfer==0.19.1
scikit-image==0.26.0
scipy==1.18.0
six==1.17.0
tifffile==2026.7.14
tqdm==4.70.0
typing_extensions==4.16.0
urllib3==2.7.0
xlrd==2.0.2
